
Microsoft Visual Studio Solution File, Format Version 12.00
# Visual Studio Version 17
VisualStudioVersion = 17.14.36202.13 d17.14
MinimumVisualStudioVersion = 10.0.40219.1
Project("{FAE04EC0-301F-11D3-BF4B-00C04F79EFBC}") = "Entishar", "Entishar.csproj", "{7164312D-087B-424C-A62D-C348433F579E}"
EndProject
Global
	GlobalSection(SolutionConfigurationPlatforms) = preSolution
		Debug|Any CPU = Debug|Any CPU
		Release|Any CPU = Release|Any CPU
	EndGlobalSection
	GlobalSection(ProjectConfigurationPlatforms) = postSolution
		{7164312D-087B-424C-A62D-C348433F579E}.Debug|Any CPU.ActiveCfg = Debug|Any CPU
		{7164312D-087B-424C-A62D-C348433F579E}.Debug|Any CPU.Build.0 = Debug|Any CPU
		{7164312D-087B-424C-A62D-C348433F579E}.Release|Any CPU.ActiveCfg = Release|Any CPU
		{7164312D-087B-424C-A62D-C348433F579E}.Release|Any CPU.Build.0 = Release|Any CPU
	EndGlobalSection
	GlobalSection(SolutionProperties) = preSolution
		HideSolutionNode = FALSE
	EndGlobalSection
	GlobalSection(ExtensibilityGlobals) = postSolution
		SolutionGuid = {1B01F6C5-87DE-448B-A6B0-464204C42637}
	EndGlobalSection
EndGlobal
